// !$*UTF8*$!
{
	archiveVersion = 1;
	classes = {
	};
	objectVersion = 56;
	objects = {

/* Begin PBXBuildFile section */
		8D3705662990963A00F7EA98 /* SwiftUIImageCropPickerApp.swift in Sources */ = {isa = PBXBuildFile; fileRef = 8D3705652990963A00F7EA98 /* SwiftUIImageCropPickerApp.swift */; };
		8D3705682990963A00F7EA98 /* ContentView.swift in Sources */ = {isa = PBXBuildFile; fileRef = 8D3705672990963A00F7EA98 /* ContentView.swift */; };
		8D37056A2990963B00F7EA98 /* Assets.xcassets in Resources */ = {isa = PBXBuildFile; fileRef = 8D3705692990963B00F7EA98 /* Assets.xcassets */; };
		8D37056D2990963B00F7EA98 /* Preview Assets.xcassets in Resources */ = {isa = PBXBuildFile; fileRef = 8D37056C2990963B00F7EA98 /* Preview Assets.xcassets */; };
		8D3705772990963B00F7EA98 /* SwiftUIImageCropPickerTests.swift in Sources */ = {isa = PBXBuildFile; fileRef = 8D3705762990963B00F7EA98 /* SwiftUIImageCropPickerTests.swift */; };
		8D3705812990963B00F7EA98 /* SwiftUIImageCropPickerUITests.swift in Sources */ = {isa = PBXBuildFile; fileRef = 8D3705802990963B00F7EA98 /* SwiftUIImageCropPickerUITests.swift */; };
		8D3705832990963B00F7EA98 /* SwiftUIImageCropPickerUITestsLaunchTests.swift in Sources */ = {isa = PBXBuildFile; fileRef = 8D3705822990963B00F7EA98 /* SwiftUIImageCropPickerUITestsLaunchTests.swift */; };
		8D370590299098DE00F7EA98 /* ImageCropPicker.swift in Sources */ = {isa = PBXBuildFile; fileRef = 8D37058F299098DE00F7EA98 /* ImageCropPicker.swift */; };
		8D370592299099B100F7EA98 /* ImageCropView.swift in Sources */ = {isa = PBXBuildFile; fileRef = 8D370591299099B100F7EA98 /* ImageCropView.swift */; };
/* End PBXBuildFile section */

/* Begin PBXContainerItemProxy section */
		8D3705732990963B00F7EA98 /* PBXContainerItemProxy */ = {
			isa = PBXContainerItemProxy;
			containerPortal = 8D37055A2990963A00F7EA98 /* Project object */;
			proxyType = 1;
			remoteGlobalIDString = 8D3705612990963A00F7EA98;
			remoteInfo = SwiftUIImageCropPicker;
		};
		8D37057D2990963B00F7EA98 /* PBXContainerItemProxy */ = {
			isa = PBXContainerItemProxy;
			containerPortal = 8D37055A2990963A00F7EA98 /* Project object */;
			proxyType = 1;
			remoteGlobalIDString = 8D3705612990963A00F7EA98;
			remoteInfo = SwiftUIImageCropPicker;
		};
/* End PBXContainerItemProxy section */

/* Begin PBXFileReference section */
		8D3705622990963A00F7EA98 /* SwiftUIImageCropPicker.app */ = {isa = PBXFileReference; explicitFileType = wrapper.application; includeInIndex = 0; path = SwiftUIImageCropPicker.app; sourceTree = BUILT_PRODUCTS_DIR; };
		8D3705652990963A00F7EA98 /* SwiftUIImageCropPickerApp.swift */ = {isa = PBXFileReference; lastKnownFileType = sourcecode.swift; path = SwiftUIImageCropPickerApp.swift; sourceTree = "<group>"; };
		8D3705672990963A00F7EA98 /* ContentView.swift */ = {isa = PBXFileReference; lastKnownFileType = sourcecode.swift; path = ContentView.swift; sourceTree = "<group>"; };
		8D3705692990963B00F7EA98 /* Assets.xcassets */ = {isa = PBXFileReference; lastKnownFileType = folder.assetcatalog; path = Assets.xcassets; sourceTree = "<group>"; };
		8D37056C2990963B00F7EA98 /* Preview Assets.xcassets */ = {isa = PBXFileReference; lastKnownFileType = folder.assetcatalog; path = "Preview Assets.xcassets"; sourceTree = "<group>"; };
		8D3705722990963B00F7EA98 /* SwiftUIImageCropPickerTests.xctest */ = {isa = PBXFileReference; explicitFileType = wrapper.cfbundle; includeInIndex = 0; path = SwiftUIImageCropPickerTests.xctest; sourceTree = BUILT_PRODUCTS_DIR; };
		8D3705762990963B00F7EA98 /* SwiftUIImageCropPickerTests.swift */ = {isa = PBXFileReference; lastKnownFileType = sourcecode.swift; path = SwiftUIImageCropPickerTests.swift; sourceTree = "<group>"; };
		8D37057C2990963B00F7EA98 /* SwiftUIImageCropPickerUITests.xctest */ = {isa = PBXFileReference; explicitFileType = wrapper.cfbundle; includeInIndex = 0; path = SwiftUIImageCropPickerUITests.xctest; sourceTree = BUILT_PRODUCTS_DIR; };
		8D3705802990963B00F7EA98 /* SwiftUIImageCropPickerUITests.swift */ = {isa = PBXFileReference; lastKnownFileType = sourcecode.swift; path = SwiftUIImageCropPickerUITests.swift; sourceTree = "<group>"; };
		8D3705822990963B00F7EA98 /* SwiftUIImageCropPickerUITestsLaunchTests.swift */ = {isa = PBXFileReference; lastKnownFileType = sourcecode.swift; path = SwiftUIImageCropPickerUITestsLaunchTests.swift; sourceTree = "<group>"; };
		8D37058F299098DE00F7EA98 /* ImageCropPicker.swift */ = {isa = PBXFileReference; lastKnownFileType = sourcecode.swift; path = ImageCropPicker.swift; sourceTree = "<group>"; };
		8D370591299099B100F7EA98 /* ImageCropView.swift */ = {isa = PBXFileReference; lastKnownFileType = sourcecode.swift; path = ImageCropView.swift; sourceTree = "<group>"; };
/* End PBXFileReference section */

/* Begin PBXFrameworksBuildPhase section */
		8D37055F2990963A00F7EA98 /* Frameworks */ = {
			isa = PBXFrameworksBuildPhase;
			buildActionMask = 2147483647;
			files = (
			);
			runOnlyForDeploymentPostprocessing = 0;
		};
		8D37056F2990963B00F7EA98 /* Frameworks */ = {
			isa = PBXFrameworksBuildPhase;
			buildActionMask = 2147483647;
			files = (
			);
			runOnlyForDeploymentPostprocessing = 0;
		};
		8D3705792990963B00F7EA98 /* Frameworks */ = {
			isa = PBXFrameworksBuildPhase;
			buildActionMask = 2147483647;
			files = (
			);
			runOnlyForDeploymentPostprocessing = 0;
		};
/* End PBXFrameworksBuildPhase section */

/* Begin PBXGroup section */
		8D3705592990963A00F7EA98 = {
			isa = PBXGroup;
			children = (
				8D3705642990963A00F7EA98 /* SwiftUIImageCropPicker */,
				8D3705752990963B00F7EA98 /* SwiftUIImageCropPickerTests */,
				8D37057F2990963B00F7EA98 /* SwiftUIImageCropPickerUITests */,
				8D3705632990963A00F7EA98 /* Products */,
			);
			sourceTree = "<group>";
		};
		8D3705632990963A00F7EA98 /* Products */ = {
			isa = PBXGroup;
			children = (
				8D3705622990963A00F7EA98 /* SwiftUIImageCropPicker.app */,
				8D3705722990963B00F7EA98 /* SwiftUIImageCropPickerTests.xctest */,
				8D37057C2990963B00F7EA98 /* SwiftUIImageCropPickerUITests.xctest */,
			);
			name = Products;
			sourceTree = "<group>";
		};
		8D3705642990963A00F7EA98 /* SwiftUIImageCropPicker */ = {
			isa = PBXGroup;
			children = (
				8D3705652990963A00F7EA98 /* SwiftUIImageCropPickerApp.swift */,
				8D3705672990963A00F7EA98 /* ContentView.swift */,
				8D37058F299098DE00F7EA98 /* ImageCropPicker.swift */,
				8D370591299099B100F7EA98 /* ImageCropView.swift */,
				8D3705692990963B00F7EA98 /* Assets.xcassets */,
				8D37056B2990963B00F7EA98 /* Preview Content */,
			);
			path = SwiftUIImageCropPicker;
			sourceTree = "<group>";
		};
		8D37056B2990963B00F7EA98 /* Preview Content */ = {
			isa = PBXGroup;
			children = (
				8D37056C2990963B00F7EA98 /* Preview Assets.xcassets */,
			);
			path = "Preview Content";
			sourceTree = "<group>";
		};
		8D3705752990963B00F7EA98 /* SwiftUIImageCropPickerTests */ = {
			isa = PBXGroup;
			children = (
				8D3705762990963B00F7EA98 /* SwiftUIImageCropPickerTests.swift */,
			);
			path = SwiftUIImageCropPickerTests;
			sourceTree = "<group>";
		};
		8D37057F2990963B00F7EA98 /* SwiftUIImageCropPickerUITests */ = {
			isa = PBXGroup;
			children = (
				8D3705802990963B00F7EA98 /* SwiftUIImageCropPickerUITests.swift */,
				8D3705822990963B00F7EA98 /* SwiftUIImageCropPickerUITestsLaunchTests.swift */,
			);
			path = SwiftUIImageCropPickerUITests;
			sourceTree = "<group>";
		};
/* End PBXGroup section */

/* Begin PBXNativeTarget section */
		8D3705612990963A00F7EA98 /* SwiftUIImageCropPicker */ = {
			isa = PBXNativeTarget;
			buildConfigurationList = 8D3705862990963B00F7EA98 /* Build configuration list for PBXNativeTarget "SwiftUIImageCropPicker" */;
			buildPhases = (
				8D37055E2990963A00F7EA98 /* Sources */,
				8D37055F2990963A00F7EA98 /* Frameworks */,
				8D3705602990963A00F7EA98 /* Resources */,
			);
			buildRules = (
			);
			dependencies = (
			);
			name = SwiftUIImageCropPicker;
			productName = SwiftUIImageCropPicker;
			productReference = 8D3705622990963A00F7EA98 /* SwiftUIImageCropPicker.app */;
			productType = "com.apple.product-type.application";
		};
		8D3705712990963B00F7EA98 /* SwiftUIImageCropPickerTests */ = {
			isa = PBXNativeTarget;
			buildConfigurationList = 8D3705892990963B00F7EA98 /* Build configuration list for PBXNativeTarget "SwiftUIImageCropPickerTests" */;
			buildPhases = (
				8D37056E2990963B00F7EA98 /* Sources */,
				8D37056F2990963B00F7EA98 /* Frameworks */,
				8D3705702990963B00F7EA98 /* Resources */,
			);
			buildRules = (
			);
			dependencies = (
				8D3705742990963B00F7EA98 /* PBXTargetDependency */,
			);
			name = SwiftUIImageCropPickerTests;
			productName = SwiftUIImageCropPickerTests;
			productReference = 8D3705722990963B00F7EA98 /* SwiftUIImageCropPickerTests.xctest */;
			productType = "com.apple.product-type.bundle.unit-test";
		};
		8D37057B2990963B00F7EA98 /* SwiftUIImageCropPickerUITests */ = {
			isa = PBXNativeTarget;
			buildConfigurationList = 8D37058C2990963B00F7EA98 /* Build configuration list for PBXNativeTarget "SwiftUIImageCropPickerUITests" */;
			buildPhases = (
				8D3705782990963B00F7EA98 /* Sources */,
				8D3705792990963B00F7EA98 /* Frameworks */,
				8D37057A2990963B00F7EA98 /* Resources */,
			);
			buildRules = (
			);
			dependencies = (
				8D37057E2990963B00F7EA98 /* PBXTargetDependency */,
			);
			name = SwiftUIImageCropPickerUITests;
			productName = SwiftUIImageCropPickerUITests;
			productReference = 8D37057C2990963B00F7EA98 /* SwiftUIImageCropPickerUITests.xctest */;
			productType = "com.apple.product-type.bundle.ui-testing";
		};
/* End PBXNativeTarget section */

/* Begin PBXProject section */
		8D37055A2990963A00F7EA98 /* Project object */ = {
			isa = PBXProject;
			attributes = {
				BuildIndependentTargetsInParallel = 1;
				LastSwiftUpdateCheck = 1420;
				LastUpgradeCheck = 1420;
				TargetAttributes = {
					8D3705612990963A00F7EA98 = {
						CreatedOnToolsVersion = 14.2;
					};
					8D3705712990963B00F7EA98 = {
						CreatedOnToolsVersion = 14.2;
						TestTargetID = 8D3705612990963A00F7EA98;
					};
					8D37057B2990963B00F7EA98 = {
						CreatedOnToolsVersion = 14.2;
						TestTargetID = 8D3705612990963A00F7EA98;
					};
				};
			};
			buildConfigurationList = 8D37055D2990963A00F7EA98 /* Build configuration list for PBXProject "SwiftUIImageCropPicker" */;
			compatibilityVersion = "Xcode 14.0";
			developmentRegion = en;
			hasScannedForEncodings = 0;
			knownRegions = (
				en,
				Base,
			);
			mainGroup = 8D3705592990963A00F7EA98;
			productRefGroup = 8D3705632990963A00F7EA98 /* Products */;
			projectDirPath = "";
			projectRoot = "";
			targets = (
				8D3705612990963A00F7EA98 /* SwiftUIImageCropPicker */,
				8D3705712990963B00F7EA98 /* SwiftUIImageCropPickerTests */,
				8D37057B2990963B00F7EA98 /* SwiftUIImageCropPickerUITests */,
			);
		};
/* End PBXProject section */

/* Begin PBXResourcesBuildPhase section */
		8D3705602990963A00F7EA98 /* Resources */ = {
			isa = PBXResourcesBuildPhase;
			buildActionMask = 2147483647;
			files = (
				8D37056D2990963B00F7EA98 /* Preview Assets.xcassets in Resources */,
				8D37056A2990963B00F7EA98 /* Assets.xcassets in Resources */,
			);
			runOnlyForDeploymentPostprocessing = 0;
		};
		8D3705702990963B00F7EA98 /* Resources */ = {
			isa = PBXResourcesBuildPhase;
			buildActionMask = 2147483647;
			files = (
			);
			runOnlyForDeploymentPostprocessing = 0;
		};
		8D37057A2990963B00F7EA98 /* Resources */ = {
			isa = PBXResourcesBuildPhase;
			buildActionMask = 2147483647;
			files = (
			);
			runOnlyForDeploymentPostprocessing = 0;
		};
/* End PBXResourcesBuildPhase section */

/* Begin PBXSourcesBuildPhase section */
		8D37055E2990963A00F7EA98 /* Sources */ = {
			isa = PBXSourcesBuildPhase;
			buildActionMask = 2147483647;
			files = (
				8D370592299099B100F7EA98 /* ImageCropView.swift in Sources */,
				8D370590299098DE00F7EA98 /* ImageCropPicker.swift in Sources */,
				8D3705682990963A00F7EA98 /* ContentView.swift in Sources */,
				8D3705662990963A00F7EA98 /* SwiftUIImageCropPickerApp.swift in Sources */,
			);
			runOnlyForDeploymentPostprocessing = 0;
		};
		8D37056E2990963B00F7EA98 /* Sources */ = {
			isa = PBXSourcesBuildPhase;
			buildActionMask = 2147483647;
			files = (
				8D3705772990963B00F7EA98 /* SwiftUIImageCropPickerTests.swift in Sources */,
			);
			runOnlyForDeploymentPostprocessing = 0;
		};
		8D3705782990963B00F7EA98 /* Sources */ = {
			isa = PBXSourcesBuildPhase;
			buildActionMask = 2147483647;
			files = (
				8D3705832990963B00F7EA98 /* SwiftUIImageCropPickerUITestsLaunchTests.swift in Sources */,
				8D3705812990963B00F7EA98 /* SwiftUIImageCropPickerUITests.swift in Sources */,
			);
			runOnlyForDeploymentPostprocessing = 0;
		};
/* End PBXSourcesBuildPhase section */

/* Begin PBXTargetDependency section */
		8D3705742990963B00F7EA98 /* PBXTargetDependency */ = {
			isa = PBXTargetDependency;
			target = 8D3705612990963A00F7EA98 /* SwiftUIImageCropPicker */;
			targetProxy = 8D3705732990963B00F7EA98 /* PBXContainerItemProxy */;
		};
		8D37057E2990963B00F7EA98 /* PBXTargetDependency */ = {
			isa = PBXTargetDependency;
			target = 8D3705612990963A00F7EA98 /* SwiftUIImageCropPicker */;
			targetProxy = 8D37057D2990963B00F7EA98 /* PBXContainerItemProxy */;
		};
/* End PBXTargetDependency section */

/* Begin XCBuildConfiguration section */
		8D3705842990963B00F7EA98 /* Debug */ = {
			isa = XCBuildConfiguration;
			buildSettings = {
				ALWAYS_SEARCH_USER_PATHS = NO;
				CLANG_ANALYZER_NONNULL = YES;
				CLANG_ANALYZER_NUMBER_OBJECT_CONVERSION = YES_AGGRESSIVE;
				CLANG_CXX_LANGUAGE_STANDARD = "gnu++20";
				CLANG_ENABLE_MODULES = YES;
				CLANG_ENABLE_OBJC_ARC = YES;
				CLANG_ENABLE_OBJC_WEAK = YES;
				CLANG_WARN_BLOCK_CAPTURE_AUTORELEASING = YES;
				CLANG_WARN_BOOL_CONVERSION = YES;
				CLANG_WARN_COMMA = YES;
				CLANG_WARN_CONSTANT_CONVERSION = YES;
				CLANG_WARN_DEPRECATED_OBJC_IMPLEMENTATIONS = YES;
				CLANG_WARN_DIRECT_OBJC_ISA_USAGE = YES_ERROR;
				CLANG_WARN_DOCUMENTATION_COMMENTS = YES;
				CLANG_WARN_EMPTY_BODY = YES;
				CLANG_WARN_ENUM_CONVERSION = YES;
				CLANG_WARN_INFINITE_RECURSION = YES;
				CLANG_WARN_INT_CONVERSION = YES;
				CLANG_WARN_NON_LITERAL_NULL_CONVERSION = YES;
				CLANG_WARN_OBJC_IMPLICIT_RETAIN_SELF = YES;
				CLANG_WARN_OBJC_LITERAL_CONVERSION = YES;
				CLANG_WARN_OBJC_ROOT_CLASS = YES_ERROR;
				CLANG_WARN_QUOTED_INCLUDE_IN_FRAMEWORK_HEADER = YES;
				CLANG_WARN_RANGE_LOOP_ANALYSIS = YES;
				CLANG_WARN_STRICT_PROTOTYPES = YES;
				CLANG_WARN_SUSPICIOUS_MOVE = YES;
				CLANG_WARN_UNGUARDED_AVAILABILITY = YES_AGGRESSIVE;
				CLANG_WARN_UNREACHABLE_CODE = YES;
				CLANG_WARN__DUPLICATE_METHOD_MATCH = YES;
				COPY_PHASE_STRIP = NO;
				DEBUG_INFORMATION_FORMAT = dwarf;
				ENABLE_STRICT_OBJC_MSGSEND = YES;
				ENABLE_TESTABILITY = YES;
				GCC_C_LANGUAGE_STANDARD = gnu11;
				GCC_DYNAMIC_NO_PIC = NO;
				GCC_NO_COMMON_BLOCKS = YES;
				GCC_OPTIMIZATION_LEVEL = 0;
				GCC_PREPROCESSOR_DEFINITIONS = (
					"DEBUG=1",
					"$(inherited)",
				);
				GCC_WARN_64_TO_32_BIT_CONVERSION = YES;
				GCC_WARN_ABOUT_RETURN_TYPE = YES_ERROR;
				GCC_WARN_UNDECLARED_SELECTOR = YES;
				GCC_WARN_UNINITIALIZED_AUTOS = YES_AGGRESSIVE;
				GCC_WARN_UNUSED_FUNCTION = YES;
				GCC_WARN_UNUSED_VARIABLE = YES;
				IPHONEOS_DEPLOYMENT_TARGET = 16.2;
				MTL_ENABLE_DEBUG_INFO = INCLUDE_SOURCE;
				MTL_FAST_MATH = YES;
				ONLY_ACTIVE_ARCH = YES;
				SDKROOT = iphoneos;
				SWIFT_ACTIVE_COMPILATION_CONDITIONS = DEBUG;
				SWIFT_OPTIMIZATION_LEVEL = "-Onone";
			};
			name = Debug;
		};
		8D3705852990963B00F7EA98 /* Release */ = {
			isa = XCBuildConfiguration;
			buildSettings = {
				ALWAYS_SEARCH_USER_PATHS = NO;
				CLANG_ANALYZER_NONNULL = YES;
				CLANG_ANALYZER_NUMBER_OBJECT_CONVERSION = YES_AGGRESSIVE;
				CLANG_CXX_LANGUAGE_STANDARD = "gnu++20";
				CLANG_ENABLE_MODULES = YES;
				CLANG_ENABLE_OBJC_ARC = YES;
				CLANG_ENABLE_OBJC_WEAK = YES;
				CLANG_WARN_BLOCK_CAPTURE_AUTORELEASING = YES;
				CLANG_WARN_BOOL_CONVERSION = YES;
				CLANG_WARN_COMMA = YES;
				CLANG_WARN_CONSTANT_CONVERSION = YES;
				CLANG_WARN_DEPRECATED_OBJC_IMPLEMENTATIONS = YES;
				CLANG_WARN_DIRECT_OBJC_ISA_USAGE = YES_ERROR;
				CLANG_WARN_DOCUMENTATION_COMMENTS = YES;
				CLANG_WARN_EMPTY_BODY = YES;
				CLANG_WARN_ENUM_CONVERSION = YES;
				CLANG_WARN_INFINITE_RECURSION = YES;
				CLANG_WARN_INT_CONVERSION = YES;
				CLANG_WARN_NON_LITERAL_NULL_CONVERSION = YES;
				CLANG_WARN_OBJC_IMPLICIT_RETAIN_SELF = YES;
				CLANG_WARN_OBJC_LITERAL_CONVERSION = YES;
				CLANG_WARN_OBJC_ROOT_CLASS = YES_ERROR;
				CLANG_WARN_QUOTED_INCLUDE_IN_FRAMEWORK_HEADER = YES;
				CLANG_WARN_RANGE_LOOP_ANALYSIS = YES;
				CLANG_WARN_STRICT_PROTOTYPES = YES;
				CLANG_WARN_SUSPICIOUS_MOVE = YES;
				CLANG_WARN_UNGUARDED_AVAILABILITY = YES_AGGRESSIVE;
				CLANG_WARN_UNREACHABLE_CODE = YES;
				CLANG_WARN__DUPLICATE_METHOD_MATCH = YES;
				COPY_PHASE_STRIP = NO;
				DEBUG_INFORMATION_FORMAT = "dwarf-with-dsym";
				ENABLE_NS_ASSERTIONS = NO;
				ENABLE_STRICT_OBJC_MSGSEND = YES;
				GCC_C_LANGUAGE_STANDARD = gnu11;
				GCC_NO_COMMON_BLOCKS = YES;
				GCC_WARN_64_TO_32_BIT_CONVERSION = YES;
				GCC_WARN_ABOUT_RETURN_TYPE = YES_ERROR;
				GCC_WARN_UNDECLARED_SELECTOR = YES;
				GCC_WARN_UNINITIALIZED_AUTOS = YES_AGGRESSIVE;
				GCC_WARN_UNUSED_FUNCTION = YES;
				GCC_WARN_UNUSED_VARIABLE = YES;
				IPHONEOS_DEPLOYMENT_TARGET = 16.2;
				MTL_ENABLE_DEBUG_INFO = NO;
				MTL_FAST_MATH = YES;
				SDKROOT = iphoneos;
				SWIFT_COMPILATION_MODE = wholemodule;
				SWIFT_OPTIMIZATION_LEVEL = "-O";
				VALIDATE_PRODUCT = YES;
			};
			name = Release;
		};
		8D3705872990963B00F7EA98 /* Debug */ = {
			isa = XCBuildConfiguration;
			buildSettings = {
				ASSETCATALOG_COMPILER_APPICON_NAME = AppIcon;
				ASSETCATALOG_COMPILER_GLOBAL_ACCENT_COLOR_NAME = AccentColor;
				CODE_SIGN_STYLE = Automatic;
				CURRENT_PROJECT_VERSION = 1;
				DEVELOPMENT_ASSET_PATHS = "\"SwiftUIImageCropPicker/Preview Content\"";
				DEVELOPMENT_TEAM = M2V28MT26E;
				ENABLE_PREVIEWS = YES;
				GENERATE_INFOPLIST_FILE = YES;
				INFOPLIST_KEY_UIApplicationSceneManifest_Generation = YES;
				INFOPLIST_KEY_UIApplicationSupportsIndirectInputEvents = YES;
				INFOPLIST_KEY_UILaunchScreen_Generation = YES;
				INFOPLIST_KEY_UISupportedInterfaceOrientations_iPad = "UIInterfaceOrientationPortrait UIInterfaceOrientationPortraitUpsideDown UIInterfaceOrientationLandscapeLeft UIInterfaceOrientationLandscapeRight";
				INFOPLIST_KEY_UISupportedInterfaceOrientations_iPhone = "UIInterfaceOrientationPortrait UIInterfaceOrientationLandscapeLeft UIInterfaceOrientationLandscapeRight";
				LD_RUNPATH_SEARCH_PATHS = (
					"$(inherited)",
					"@executable_path/Frameworks",
				);
				MARKETING_VERSION = 1.0;
				PRODUCT_BUNDLE_IDENTIFIER = jp.cabinetwork.SwiftUIImageCropPicker;
				PRODUCT_NAME = "$(TARGET_NAME)";
				SWIFT_EMIT_LOC_STRINGS = YES;
				SWIFT_VERSION = 5.0;
				TARGETED_DEVICE_FAMILY = "1,2";
			};
			name = Debug;
		};
		8D3705882990963B00F7EA98 /* Release */ = {
			isa = XCBuildConfiguration;
			buildSettings = {
				ASSETCATALOG_COMPILER_APPICON_NAME = AppIcon;
				ASSETCATALOG_COMPILER_GLOBAL_ACCENT_COLOR_NAME = AccentColor;
				CODE_SIGN_STYLE = Automatic;
				CURRENT_PROJECT_VERSION = 1;
				DEVELOPMENT_ASSET_PATHS = "\"SwiftUIImageCropPicker/Preview Content\"";
				DEVELOPMENT_TEAM = M2V28MT26E;
				ENABLE_PREVIEWS = YES;
				GENERATE_INFOPLIST_FILE = YES;
				INFOPLIST_KEY_UIApplicationSceneManifest_Generation = YES;
				INFOPLIST_KEY_UIApplicationSupportsIndirectInputEvents = YES;
				INFOPLIST_KEY_UILaunchScreen_Generation = YES;
				INFOPLIST_KEY_UISupportedInterfaceOrientations_iPad = "UIInterfaceOrientationPortrait UIInterfaceOrientationPortraitUpsideDown UIInterfaceOrientationLandscapeLeft UIInterfaceOrientationLandscapeRight";
				INFOPLIST_KEY_UISupportedInterfaceOrientations_iPhone = "UIInterfaceOrientationPortrait UIInterfaceOrientationLandscapeLeft UIInterfaceOrientationLandscapeRight";
				LD_RUNPATH_SEARCH_PATHS = (
					"$(inherited)",
					"@executable_path/Frameworks",
				);
				MARKETING_VERSION = 1.0;
				PRODUCT_BUNDLE_IDENTIFIER = jp.cabinetwork.SwiftUIImageCropPicker;
				PRODUCT_NAME = "$(TARGET_NAME)";
				SWIFT_EMIT_LOC_STRINGS = YES;
				SWIFT_VERSION = 5.0;
				TARGETED_DEVICE_FAMILY = "1,2";
			};
			name = Release;
		};
		8D37058A2990963B00F7EA98 /* Debug */ = {
			isa = XCBuildConfiguration;
			buildSettings = {
				ALWAYS_EMBED_SWIFT_STANDARD_LIBRARIES = YES;
				BUNDLE_LOADER = "$(TEST_HOST)";
				CODE_SIGN_STYLE = Automatic;
				CURRENT_PROJECT_VERSION = 1;
				DEVELOPMENT_TEAM = M2V28MT26E;
				GENERATE_INFOPLIST_FILE = YES;
				IPHONEOS_DEPLOYMENT_TARGET = 16.2;
				MARKETING_VERSION = 1.0;
				PRODUCT_BUNDLE_IDENTIFIER = jp.cabinetwork.SwiftUIImageCropPickerTests;
				PRODUCT_NAME = "$(TARGET_NAME)";
				SWIFT_EMIT_LOC_STRINGS = NO;
				SWIFT_VERSION = 5.0;
				TARGETED_DEVICE_FAMILY = "1,2";
				TEST_HOST = "$(BUILT_PRODUCTS_DIR)/SwiftUIImageCropPicker.app/$(BUNDLE_EXECUTABLE_FOLDER_PATH)/SwiftUIImageCropPicker";
			};
			name = Debug;
		};
		8D37058B2990963B00F7EA98 /* Release */ = {
			isa = XCBuildConfiguration;
			buildSettings = {
				ALWAYS_EMBED_SWIFT_STANDARD_LIBRARIES = YES;
				BUNDLE_LOADER = "$(TEST_HOST)";
				CODE_SIGN_STYLE = Automatic;
				CURRENT_PROJECT_VERSION = 1;
				DEVELOPMENT_TEAM = M2V28MT26E;
				GENERATE_INFOPLIST_FILE = YES;
				IPHONEOS_DEPLOYMENT_TARGET = 16.2;
				MARKETING_VERSION = 1.0;
				PRODUCT_BUNDLE_IDENTIFIER = jp.cabinetwork.SwiftUIImageCropPickerTests;
				PRODUCT_NAME = "$(TARGET_NAME)";
				SWIFT_EMIT_LOC_STRINGS = NO;
				SWIFT_VERSION = 5.0;
				TARGETED_DEVICE_FAMILY = "1,2";
				TEST_HOST = "$(BUILT_PRODUCTS_DIR)/SwiftUIImageCropPicker.app/$(BUNDLE_EXECUTABLE_FOLDER_PATH)/SwiftUIImageCropPicker";
			};
			name = Release;
		};
		8D37058D2990963B00F7EA98 /* Debug */ = {
			isa = XCBuildConfiguration;
			buildSettings = {
				ALWAYS_EMBED_SWIFT_STANDARD_LIBRARIES = YES;
				CODE_SIGN_STYLE = Automatic;
				CURRENT_PROJECT_VERSION = 1;
				DEVELOPMENT_TEAM = M2V28MT26E;
				GENERATE_INFOPLIST_FILE = YES;
				MARKETING_VERSION = 1.0;
				PRODUCT_BUNDLE_IDENTIFIER = jp.cabinetwork.SwiftUIImageCropPickerUITests;
				PRODUCT_NAME = "$(TARGET_NAME)";
				SWIFT_EMIT_LOC_STRINGS = NO;
				SWIFT_VERSION = 5.0;
				TARGETED_DEVICE_FAMILY = "1,2";
				TEST_TARGET_NAME = SwiftUIImageCropPicker;
			};
			name = Debug;
		};
		8D37058E2990963B00F7EA98 /* Release */ = {
			isa = XCBuildConfiguration;
			buildSettings = {
				ALWAYS_EMBED_SWIFT_STANDARD_LIBRARIES = YES;
				CODE_SIGN_STYLE = Automatic;
				CURRENT_PROJECT_VERSION = 1;
				DEVELOPMENT_TEAM = M2V28MT26E;
				GENERATE_INFOPLIST_FILE = YES;
				MARKETING_VERSION = 1.0;
				PRODUCT_BUNDLE_IDENTIFIER = jp.cabinetwork.SwiftUIImageCropPickerUITests;
				PRODUCT_NAME = "$(TARGET_NAME)";
				SWIFT_EMIT_LOC_STRINGS = NO;
				SWIFT_VERSION = 5.0;
				TARGETED_DEVICE_FAMILY = "1,2";
				TEST_TARGET_NAME = SwiftUIImageCropPicker;
			};
			name = Release;
		};
/* End XCBuildConfiguration section */

/* Begin XCConfigurationList section */
		8D37055D2990963A00F7EA98 /* Build configuration list for PBXProject "SwiftUIImageCropPicker" */ = {
			isa = XCConfigurationList;
			buildConfigurations = (
				8D3705842990963B00F7EA98 /* Debug */,
				8D3705852990963B00F7EA98 /* Release */,
			);
			defaultConfigurationIsVisible = 0;
			defaultConfigurationName = Release;
		};
		8D3705862990963B00F7EA98 /* Build configuration list for PBXNativeTarget "SwiftUIImageCropPicker" */ = {
			isa = XCConfigurationList;
			buildConfigurations = (
				8D3705872990963B00F7EA98 /* Debug */,
				8D3705882990963B00F7EA98 /* Release */,
			);
			defaultConfigurationIsVisible = 0;
			defaultConfigurationName = Release;
		};
		8D3705892990963B00F7EA98 /* Build configuration list for PBXNativeTarget "SwiftUIImageCropPickerTests" */ = {
			isa = XCConfigurationList;
			buildConfigurations = (
				8D37058A2990963B00F7EA98 /* Debug */,
				8D37058B2990963B00F7EA98 /* Release */,
			);
			defaultConfigurationIsVisible = 0;
			defaultConfigurationName = Release;
		};
		8D37058C2990963B00F7EA98 /* Build configuration list for PBXNativeTarget "SwiftUIImageCropPickerUITests" */ = {
			isa = XCConfigurationList;
			buildConfigurations = (
				8D37058D2990963B00F7EA98 /* Debug */,
				8D37058E2990963B00F7EA98 /* Release */,
			);
			defaultConfigurationIsVisible = 0;
			defaultConfigurationName = Release;
		};
/* End XCConfigurationList section */
	};
	rootObject = 8D37055A2990963A00F7EA98 /* Project object */;
}
